// !$*UTF8*$!
{
	archiveVersion = 1;
	classes = {
	};
	objectVersion = 50;
	objects = {

/* Begin PBXBuildFile section */
		D767FD3620C6836900AA6084 /* AppDelegate.swift in Sources */ = {isa = PBXBuildFile; fileRef = D767FD3520C6836900AA6084 /* AppDelegate.swift */; };
		D767FD3B20C6836900AA6084 /* Main.storyboard in Resources */ = {isa = PBXBuildFile; fileRef = D767FD3920C6836900AA6084 /* Main.storyboard */; };
		D767FD3D20C6837000AA6084 /* Assets.xcassets in Resources */ = {isa = PBXBuildFile; fileRef = D767FD3C20C6837000AA6084 /* Assets.xcassets */; };
		D767FD4020C6837000AA6084 /* LaunchScreen.storyboard in Resources */ = {isa = PBXBuildFile; fileRef = D767FD3E20C6837000AA6084 /* LaunchScreen.storyboard */; };
		D767FD4A20C6854900AA6084 /* Podfile in Resources */ = {isa = PBXBuildFile; fileRef = D767FD4920C6854900AA6084 /* Podfile */; };
/* End PBXBuildFile section */

/* Begin PBXFileReference section */
		D767FD3220C6836900AA6084 /* github-api.app */ = {isa = PBXFileReference; explicitFileType = wrapper.application; includeInIndex = 0; path = "github-api.app"; sourceTree = BUILT_PRODUCTS_DIR; };
		D767FD3520C6836900AA6084 /* AppDelegate.swift */ = {isa = PBXFileReference; lastKnownFileType = sourcecode.swift; path = AppDelegate.swift; sourceTree = "<group>"; };
		D767FD3A20C6836900AA6084 /* Base */ = {isa = PBXFileReference; lastKnownFileType = file.storyboard; name = Base; path = Base.lproj/Main.storyboard; sourceTree = "<group>"; };
		D767FD3C20C6837000AA6084 /* Assets.xcassets */ = {isa = PBXFileReference; lastKnownFileType = folder.assetcatalog; path = Assets.xcassets; sourceTree = "<group>"; };
		D767FD3F20C6837000AA6084 /* Base */ = {isa = PBXFileReference; lastKnownFileType = file.storyboard; name = Base; path = Base.lproj/LaunchScreen.storyboard; sourceTree = "<group>"; };
		D767FD4120C6837000AA6084 /* Info.plist */ = {isa = PBXFileReference; lastKnownFileType = text.plist.xml; path = Info.plist; sourceTree = "<group>"; };
		D767FD4920C6854900AA6084 /* Podfile */ = {isa = PBXFileReference; fileEncoding = 4; lastKnownFileType = text; path = Podfile; sourceTree = "<group>"; };
/* End PBXFileReference section */

/* Begin PBXFrameworksBuildPhase section */
		D767FD2F20C6836900AA6084 /* Frameworks */ = {
			isa = PBXFrameworksBuildPhase;
			buildActionMask = 2147483647;
			files = (
			);
			runOnlyForDeploymentPostprocessing = 0;
		};
/* End PBXFrameworksBuildPhase section */

/* Begin PBXGroup section */
		D767FD2920C6836900AA6084 = {
			isa = PBXGroup;
			children = (
				D767FD3420C6836900AA6084 /* github-api */,
				D767FD3320C6836900AA6084 /* Products */,
			);
			sourceTree = "<group>";
		};
		D767FD3320C6836900AA6084 /* Products */ = {
			isa = PBXGroup;
			children = (
				D767FD3220C6836900AA6084 /* github-api.app */,
			);
			name = Products;
			sourceTree = "<group>";
		};
		D767FD3420C6836900AA6084 /* github-api */ = {
			isa = PBXGroup;
			children = (
				D767FD4720C684AB00AA6084 /* Screens */,
				D767FD3520C6836900AA6084 /* AppDelegate.swift */,
				D767FD3920C6836900AA6084 /* Main.storyboard */,
				D767FD3C20C6837000AA6084 /* Assets.xcassets */,
				D767FD3E20C6837000AA6084 /* LaunchScreen.storyboard */,
				D767FD4120C6837000AA6084 /* Info.plist */,
				D767FD4920C6854900AA6084 /* Podfile */,
			);
			path = "github-api";
			sourceTree = "<group>";
		};
		D767FD4720C684AB00AA6084 /* Screens */ = {
			isa = PBXGroup;
			children = (
				D767FD4820C684B600AA6084 /* Login */,
			);
			path = Screens;
			sourceTree = "<group>";
		};
		D767FD4820C684B600AA6084 /* Login */ = {
			isa = PBXGroup;
			children = (
			);
			path = Login;
			sourceTree = "<group>";
		};
/* End PBXGroup section */

/* Begin PBXNativeTarget section */
		D767FD3120C6836900AA6084 /* github-api */ = {
			isa = PBXNativeTarget;
			buildConfigurationList = D767FD4420C6837000AA6084 /* Build configuration list for PBXNativeTarget "github-api" */;
			buildPhases = (
				D767FD2E20C6836900AA6084 /* Sources */,
				D767FD2F20C6836900AA6084 /* Frameworks */,
				D767FD3020C6836900AA6084 /* Resources */,
			);
			buildRules = (
			);
			dependencies = (
			);
			name = "github-api";
			productName = "github-api";
			productReference = D767FD3220C6836900AA6084 /* github-api.app */;
			productType = "com.apple.product-type.application";
		};
/* End PBXNativeTarget section */

/* Begin PBXProject section */
		D767FD2A20C6836900AA6084 /* Project object */ = {
			isa = PBXProject;
			attributes = {
				LastSwiftUpdateCheck = 0940;
				LastUpgradeCheck = 0940;
				ORGANIZATIONNAME = "Maxym Krutykh";
				TargetAttributes = {
					D767FD3120C6836900AA6084 = {
						CreatedOnToolsVersion = 9.4;
					};
				};
			};
			buildConfigurationList = D767FD2D20C6836900AA6084 /* Build configuration list for PBXProject "github-api" */;
			compatibilityVersion = "Xcode 9.3";
			developmentRegion = en;
			hasScannedForEncodings = 0;
			knownRegions = (
				en,
				Base,
			);
			mainGroup = D767FD2920C6836900AA6084;
			productRefGroup = D767FD3320C6836900AA6084 /* Products */;
			projectDirPath = "";
			projectRoot = "";
			targets = (
				D767FD3120C6836900AA6084 /* github-api */,
			);
		};
/* End PBXProject section */

/* Begin PBXResourcesBuildPhase section */
		D767FD3020C6836900AA6084 /* Resources */ = {
			isa = PBXResourcesBuildPhase;
			buildActionMask = 2147483647;
			files = (
				D767FD4020C6837000AA6084 /* LaunchScreen.storyboard in Resources */,
				D767FD3D20C6837000AA6084 /* Assets.xcassets in Resources */,
				D767FD4A20C6854900AA6084 /* Podfile in Resources */,
				D767FD3B20C6836900AA6084 /* Main.storyboard in Resources */,
			);
			runOnlyForDeploymentPostprocessing = 0;
		};
/* End PBXResourcesBuildPhase section */

/* Begin PBXSourcesBuildPhase section */
		D767FD2E20C6836900AA6084 /* Sources */ = {
			isa = PBXSourcesBuildPhase;
			buildActionMask = 2147483647;
			files = (
				D767FD3620C6836900AA6084 /* AppDelegate.swift in Sources */,
			);
			runOnlyForDeploymentPostprocessing = 0;
		};
/* End PBXSourcesBuildPhase section */

/* Begin PBXVariantGroup section */
		D767FD3920C6836900AA6084 /* Main.storyboard */ = {
			isa = PBXVariantGroup;
			children = (
				D767FD3A20C6836900AA6084 /* Base */,
			);
			name = Main.storyboard;
			sourceTree = "<group>";
		};
		D767FD3E20C6837000AA6084 /* LaunchScreen.storyboard */ = {
			isa = PBXVariantGroup;
			children = (
				D767FD3F20C6837000AA6084 /* Base */,
			);
			name = LaunchScreen.storyboard;
			sourceTree = "<group>";
		};
/* End PBXVariantGroup section */

/* Begin XCBuildConfiguration section */
		D767FD4220C6837000AA6084 /* Debug */ = {
			isa = XCBuildConfiguration;
			buildSettings = {
				ALWAYS_SEARCH_USER_PATHS = NO;
				CLANG_ANALYZER_NONNULL = YES;
				CLANG_ANALYZER_NUMBER_OBJECT_CONVERSION = YES_AGGRESSIVE;
				CLANG_CXX_LANGUAGE_STANDARD = "gnu++14";
				CLANG_CXX_LIBRARY = "libc++";
				CLANG_ENABLE_MODULES = YES;
				CLANG_ENABLE_OBJC_ARC = YES;
				CLANG_ENABLE_OBJC_WEAK = YES;
				CLANG_WARN_BLOCK_CAPTURE_AUTORELEASING = YES;
				CLANG_WARN_BOOL_CONVERSION = YES;
				CLANG_WARN_COMMA = YES;
				CLANG_WARN_CONSTANT_CONVERSION = YES;
				CLANG_WARN_DEPRECATED_OBJC_IMPLEMENTATIONS = YES;
				CLANG_WARN_DIRECT_OBJC_ISA_USAGE = YES_ERROR;
				CLANG_WARN_DOCUMENTATION_COMMENTS = YES;
				CLANG_WARN_EMPTY_BODY = YES;
				CLANG_WARN_ENUM_CONVERSION = YES;
				CLANG_WARN_INFINITE_RECURSION = YES;
				CLANG_WARN_INT_CONVERSION = YES;
				CLANG_WARN_NON_LITERAL_NULL_CONVERSION = YES;
				CLANG_WARN_OBJC_IMPLICIT_RETAIN_SELF = YES;
				CLANG_WARN_OBJC_LITERAL_CONVERSION = YES;
				CLANG_WARN_OBJC_ROOT_CLASS = YES_ERROR;
				CLANG_WARN_RANGE_LOOP_ANALYSIS = YES;
				CLANG_WARN_STRICT_PROTOTYPES = YES;
				CLANG_WARN_SUSPICIOUS_MOVE = YES;
				CLANG_WARN_UNGUARDED_AVAILABILITY = YES_AGGRESSIVE;
				CLANG_WARN_UNREACHABLE_CODE = YES;
				CLANG_WARN__DUPLICATE_METHOD_MATCH = YES;
				CODE_SIGN_IDENTITY = "iPhone Developer";
				COPY_PHASE_STRIP = NO;
				DEBUG_INFORMATION_FORMAT = dwarf;
				ENABLE_STRICT_OBJC_MSGSEND = YES;
				ENABLE_TESTABILITY = YES;
				GCC_C_LANGUAGE_STANDARD = gnu11;
				GCC_DYNAMIC_NO_PIC = NO;
				GCC_NO_COMMON_BLOCKS = YES;
				GCC_OPTIMIZATION_LEVEL = 0;
				GCC_PREPROCESSOR_DEFINITIONS = (
					"DEBUG=1",
					"$(inherited)",
				);
				GCC_WARN_64_TO_32_BIT_CONVERSION = YES;
				GCC_WARN_ABOUT_RETURN_TYPE = YES_ERROR;
				GCC_WARN_UNDECLARED_SELECTOR = YES;
				GCC_WARN_UNINITIALIZED_AUTOS = YES_AGGRESSIVE;
				GCC_WARN_UNUSED_FUNCTION = YES;
				GCC_WARN_UNUSED_VARIABLE = YES;
				IPHONEOS_DEPLOYMENT_TARGET = 11.4;
				MTL_ENABLE_DEBUG_INFO = YES;
				ONLY_ACTIVE_ARCH = YES;
				SDKROOT = iphoneos;
				SWIFT_ACTIVE_COMPILATION_CONDITIONS = DEBUG;
				SWIFT_OPTIMIZATION_LEVEL = "-Onone";
			};
			name = Debug;
		};
		D767FD4320C6837000AA6084 /* Release */ = {
			isa = XCBuildConfiguration;
			buildSettings = {
				ALWAYS_SEARCH_USER_PATHS = NO;
				CLANG_ANALYZER_NONNULL = YES;
				CLANG_ANALYZER_NUMBER_OBJECT_CONVERSION = YES_AGGRESSIVE;
				CLANG_CXX_LANGUAGE_STANDARD = "gnu++14";
				CLANG_CXX_LIBRARY = "libc++";
				CLANG_ENABLE_MODULES = YES;
				CLANG_ENABLE_OBJC_ARC = YES;
				CLANG_ENABLE_OBJC_WEAK = YES;
				CLANG_WARN_BLOCK_CAPTURE_AUTORELEASING = YES;
				CLANG_WARN_BOOL_CONVERSION = YES;
				CLANG_WARN_COMMA = YES;
				CLANG_WARN_CONSTANT_CONVERSION = YES;
				CLANG_WARN_DEPRECATED_OBJC_IMPLEMENTATIONS = YES;
				CLANG_WARN_DIRECT_OBJC_ISA_USAGE = YES_ERROR;
				CLANG_WARN_DOCUMENTATION_COMMENTS = YES;
				CLANG_WARN_EMPTY_BODY = YES;
				CLANG_WARN_ENUM_CONVERSION = YES;
				CLANG_WARN_INFINITE_RECURSION = YES;
				CLANG_WARN_INT_CONVERSION = YES;
				CLANG_WARN_NON_LITERAL_NULL_CONVERSION = YES;
				CLANG_WARN_OBJC_IMPLICIT_RETAIN_SELF = YES;
				CLANG_WARN_OBJC_LITERAL_CONVERSION = YES;
				CLANG_WARN_OBJC_ROOT_CLASS = YES_ERROR;
				CLANG_WARN_RANGE_LOOP_ANALYSIS = YES;
				CLANG_WARN_STRICT_PROTOTYPES = YES;
				CLANG_WARN_SUSPICIOUS_MOVE = YES;
				CLANG_WARN_UNGUARDED_AVAILABILITY = YES_AGGRESSIVE;
				CLANG_WARN_UNREACHABLE_CODE = YES;
				CLANG_WARN__DUPLICATE_METHOD_MATCH = YES;
				CODE_SIGN_IDENTITY = "iPhone Developer";
				COPY_PHASE_STRIP = NO;
				DEBUG_INFORMATION_FORMAT = "dwarf-with-dsym";
				ENABLE_NS_ASSERTIONS = NO;
				ENABLE_STRICT_OBJC_MSGSEND = YES;
				GCC_C_LANGUAGE_STANDARD = gnu11;
				GCC_NO_COMMON_BLOCKS = YES;
				GCC_WARN_64_TO_32_BIT_CONVERSION = YES;
				GCC_WARN_ABOUT_RETURN_TYPE = YES_ERROR;
				GCC_WARN_UNDECLARED_SELECTOR = YES;
				GCC_WARN_UNINITIALIZED_AUTOS = YES_AGGRESSIVE;
				GCC_WARN_UNUSED_FUNCTION = YES;
				GCC_WARN_UNUSED_VARIABLE = YES;
				IPHONEOS_DEPLOYMENT_TARGET = 11.4;
				MTL_ENABLE_DEBUG_INFO = NO;
				SDKROOT = iphoneos;
				SWIFT_COMPILATION_MODE = wholemodule;
				SWIFT_OPTIMIZATION_LEVEL = "-O";
				VALIDATE_PRODUCT = YES;
			};
			name = Release;
		};
		D767FD4520C6837000AA6084 /* Debug */ = {
			isa = XCBuildConfiguration;
			buildSettings = {
				ASSETCATALOG_COMPILER_APPICON_NAME = AppIcon;
				CODE_SIGN_STYLE = Automatic;
				INFOPLIST_FILE = "github-api/Info.plist";
				LD_RUNPATH_SEARCH_PATHS = (
					"$(inherited)",
					"@executable_path/Frameworks",
				);
				PRODUCT_BUNDLE_IDENTIFIER = "com.test.github.github-api";
				PRODUCT_NAME = "$(TARGET_NAME)";
				SWIFT_VERSION = 4.0;
				TARGETED_DEVICE_FAMILY = "1,2";
			};
			name = Debug;
		};
		D767FD4620C6837000AA6084 /* Release */ = {
			isa = XCBuildConfiguration;
			buildSettings = {
				ASSETCATALOG_COMPILER_APPICON_NAME = AppIcon;
				CODE_SIGN_STYLE = Automatic;
				INFOPLIST_FILE = "github-api/Info.plist";
				LD_RUNPATH_SEARCH_PATHS = (
					"$(inherited)",
					"@executable_path/Frameworks",
				);
				PRODUCT_BUNDLE_IDENTIFIER = "com.test.github.github-api";
				PRODUCT_NAME = "$(TARGET_NAME)";
				SWIFT_VERSION = 4.0;
				TARGETED_DEVICE_FAMILY = "1,2";
			};
			name = Release;
		};
/* End XCBuildConfiguration section */

/* Begin XCConfigurationList section */
		D767FD2D20C6836900AA6084 /* Build configuration list for PBXProject "github-api" */ = {
			isa = XCConfigurationList;
			buildConfigurations = (
				D767FD4220C6837000AA6084 /* Debug */,
				D767FD4320C6837000AA6084 /* Release */,
			);
			defaultConfigurationIsVisible = 0;
			defaultConfigurationName = Release;
		};
		D767FD4420C6837000AA6084 /* Build configuration list for PBXNativeTarget "github-api" */ = {
			isa = XCConfigurationList;
			buildConfigurations = (
				D767FD4520C6837000AA6084 /* Debug */,
				D767FD4620C6837000AA6084 /* Release */,
			);
			defaultConfigurationIsVisible = 0;
			defaultConfigurationName = Release;
		};
/* End XCConfigurationList section */
	};
	rootObject = D767FD2A20C6836900AA6084 /* Project object */;
}
