// !$*UTF8*$!
{
	archiveVersion = 1;
	classes = {
	};
	objectVersion = 50;
	objects = {

/* Begin PBXBuildFile section */
		CF8C5678FD29A22B9EB86C9C /* Pods_github_api.framework in Frameworks */ = {isa = PBXBuildFile; fileRef = 7C7CD9EBE738B4F09B11C16F /* Pods_github_api.framework */; };
		D767FD3620C6836900AA6084 /* AppDelegate.swift in Sources */ = {isa = PBXBuildFile; fileRef = D767FD3520C6836900AA6084 /* AppDelegate.swift */; };
		D767FD3B20C6836900AA6084 /* Main.storyboard in Resources */ = {isa = PBXBuildFile; fileRef = D767FD3920C6836900AA6084 /* Main.storyboard */; };
		D767FD3D20C6837000AA6084 /* Assets.xcassets in Resources */ = {isa = PBXBuildFile; fileRef = D767FD3C20C6837000AA6084 /* Assets.xcassets */; };
		D767FD4020C6837000AA6084 /* LaunchScreen.storyboard in Resources */ = {isa = PBXBuildFile; fileRef = D767FD3E20C6837000AA6084 /* LaunchScreen.storyboard */; };
		D767FD5320C6888B00AA6084 /* LoginViewController.xib in Resources */ = {isa = PBXBuildFile; fileRef = D767FD5120C6888A00AA6084 /* LoginViewController.xib */; };
		D767FD5420C6888B00AA6084 /* LoginViewController.swift in Sources */ = {isa = PBXBuildFile; fileRef = D767FD5220C6888B00AA6084 /* LoginViewController.swift */; };
		D767FD5620C6893800AA6084 /* CustomWebView.swift in Sources */ = {isa = PBXBuildFile; fileRef = D767FD5520C6893800AA6084 /* CustomWebView.swift */; };
		D767FD5920C6899400AA6084 /* Constants.swift in Sources */ = {isa = PBXBuildFile; fileRef = D767FD5820C6899400AA6084 /* Constants.swift */; };
		D767FD5C20C68BBC00AA6084 /* KeychainService.swift in Sources */ = {isa = PBXBuildFile; fileRef = D767FD5B20C68BBC00AA6084 /* KeychainService.swift */; };
		D767FD5E20C68BCC00AA6084 /* APIProvider.swift in Sources */ = {isa = PBXBuildFile; fileRef = D767FD5D20C68BCC00AA6084 /* APIProvider.swift */; };
		D767FD6020C68BDF00AA6084 /* GithubAPI.swift in Sources */ = {isa = PBXBuildFile; fileRef = D767FD5F20C68BDF00AA6084 /* GithubAPI.swift */; };
		D767FD6320C68FFD00AA6084 /* UIViewController+Extension.swift in Sources */ = {isa = PBXBuildFile; fileRef = D767FD6220C68FFD00AA6084 /* UIViewController+Extension.swift */; };
		D777FE5320C80BE5009DB78E /* DetailsViewController.swift in Sources */ = {isa = PBXBuildFile; fileRef = D777FE5120C80BE5009DB78E /* DetailsViewController.swift */; };
		D777FE5420C80BE5009DB78E /* DetailsViewController.xib in Resources */ = {isa = PBXBuildFile; fileRef = D777FE5220C80BE5009DB78E /* DetailsViewController.xib */; };
		D777FE5720C8F5E9009DB78E /* PageLIst.swift in Sources */ = {isa = PBXBuildFile; fileRef = D777FE5620C8F5E9009DB78E /* PageLIst.swift */; };
		D779D0CE20C6E7900037CE81 /* LoginViewModel.swift in Sources */ = {isa = PBXBuildFile; fileRef = D779D0CD20C6E7900037CE81 /* LoginViewModel.swift */; };
		D779D0D020C72A880037CE81 /* RealmMigrator.swift in Sources */ = {isa = PBXBuildFile; fileRef = D779D0CF20C72A880037CE81 /* RealmMigrator.swift */; };
		D779D0D320C72C580037CE81 /* Repository.swift in Sources */ = {isa = PBXBuildFile; fileRef = D779D0D220C72C580037CE81 /* Repository.swift */; };
		D779D0D920C730210037CE81 /* SearchViewController.swift in Sources */ = {isa = PBXBuildFile; fileRef = D779D0D720C730210037CE81 /* SearchViewController.swift */; };
		D779D0DA20C730210037CE81 /* SearchViewController.xib in Resources */ = {isa = PBXBuildFile; fileRef = D779D0D820C730210037CE81 /* SearchViewController.xib */; };
		D779D0DC20C730350037CE81 /* SearchViewModel.swift in Sources */ = {isa = PBXBuildFile; fileRef = D779D0DB20C730350037CE81 /* SearchViewModel.swift */; };
		D779D0DE20C731030037CE81 /* NavigationRouter.swift in Sources */ = {isa = PBXBuildFile; fileRef = D779D0DD20C731030037CE81 /* NavigationRouter.swift */; };
		D779D0E520C737640037CE81 /* UITableViewCell+Extension.swift in Sources */ = {isa = PBXBuildFile; fileRef = D779D0E420C737640037CE81 /* UITableViewCell+Extension.swift */; };
		D779D0E720C737C90037CE81 /* UITableView+Extension.swift in Sources */ = {isa = PBXBuildFile; fileRef = D779D0E620C737C90037CE81 /* UITableView+Extension.swift */; };
		D779D0EB20C7385E0037CE81 /* SearchTableViewCell.swift in Sources */ = {isa = PBXBuildFile; fileRef = D779D0E920C7385E0037CE81 /* SearchTableViewCell.swift */; };
		D779D0EC20C7385E0037CE81 /* SearchTableViewCell.xib in Resources */ = {isa = PBXBuildFile; fileRef = D779D0EA20C7385E0037CE81 /* SearchTableViewCell.xib */; };
		D779D0EE20C73DC40037CE81 /* Response+Extension.swift in Sources */ = {isa = PBXBuildFile; fileRef = D779D0ED20C73DC40037CE81 /* Response+Extension.swift */; };
/* End PBXBuildFile section */

/* Begin PBXFileReference section */
		7C7CD9EBE738B4F09B11C16F /* Pods_github_api.framework */ = {isa = PBXFileReference; explicitFileType = wrapper.framework; includeInIndex = 0; path = Pods_github_api.framework; sourceTree = BUILT_PRODUCTS_DIR; };
		8B949413886D6E505DF28A89 /* Pods-github-api.release.xcconfig */ = {isa = PBXFileReference; includeInIndex = 1; lastKnownFileType = text.xcconfig; name = "Pods-github-api.release.xcconfig"; path = "Pods/Target Support Files/Pods-github-api/Pods-github-api.release.xcconfig"; sourceTree = "<group>"; };
		D767FD3220C6836900AA6084 /* github-api.app */ = {isa = PBXFileReference; explicitFileType = wrapper.application; includeInIndex = 0; path = "github-api.app"; sourceTree = BUILT_PRODUCTS_DIR; };
		D767FD3520C6836900AA6084 /* AppDelegate.swift */ = {isa = PBXFileReference; lastKnownFileType = sourcecode.swift; path = AppDelegate.swift; sourceTree = "<group>"; };
		D767FD3A20C6836900AA6084 /* Base */ = {isa = PBXFileReference; lastKnownFileType = file.storyboard; name = Base; path = Base.lproj/Main.storyboard; sourceTree = "<group>"; };
		D767FD3C20C6837000AA6084 /* Assets.xcassets */ = {isa = PBXFileReference; lastKnownFileType = folder.assetcatalog; path = Assets.xcassets; sourceTree = "<group>"; };
		D767FD3F20C6837000AA6084 /* Base */ = {isa = PBXFileReference; lastKnownFileType = file.storyboard; name = Base; path = Base.lproj/LaunchScreen.storyboard; sourceTree = "<group>"; };
		D767FD4120C6837000AA6084 /* Info.plist */ = {isa = PBXFileReference; lastKnownFileType = text.plist.xml; path = Info.plist; sourceTree = "<group>"; };
		D767FD5120C6888A00AA6084 /* LoginViewController.xib */ = {isa = PBXFileReference; fileEncoding = 4; lastKnownFileType = file.xib; path = LoginViewController.xib; sourceTree = "<group>"; };
		D767FD5220C6888B00AA6084 /* LoginViewController.swift */ = {isa = PBXFileReference; fileEncoding = 4; lastKnownFileType = sourcecode.swift; path = LoginViewController.swift; sourceTree = "<group>"; };
		D767FD5520C6893800AA6084 /* CustomWebView.swift */ = {isa = PBXFileReference; lastKnownFileType = sourcecode.swift; path = CustomWebView.swift; sourceTree = "<group>"; };
		D767FD5820C6899400AA6084 /* Constants.swift */ = {isa = PBXFileReference; lastKnownFileType = sourcecode.swift; path = Constants.swift; sourceTree = "<group>"; };
		D767FD5B20C68BBC00AA6084 /* KeychainService.swift */ = {isa = PBXFileReference; lastKnownFileType = sourcecode.swift; path = KeychainService.swift; sourceTree = "<group>"; };
		D767FD5D20C68BCC00AA6084 /* APIProvider.swift */ = {isa = PBXFileReference; lastKnownFileType = sourcecode.swift; path = APIProvider.swift; sourceTree = "<group>"; };
		D767FD5F20C68BDF00AA6084 /* GithubAPI.swift */ = {isa = PBXFileReference; lastKnownFileType = sourcecode.swift; path = GithubAPI.swift; sourceTree = "<group>"; };
		D767FD6220C68FFD00AA6084 /* UIViewController+Extension.swift */ = {isa = PBXFileReference; lastKnownFileType = sourcecode.swift; path = "UIViewController+Extension.swift"; sourceTree = "<group>"; };
		D777FE5120C80BE5009DB78E /* DetailsViewController.swift */ = {isa = PBXFileReference; lastKnownFileType = sourcecode.swift; path = DetailsViewController.swift; sourceTree = "<group>"; };
		D777FE5220C80BE5009DB78E /* DetailsViewController.xib */ = {isa = PBXFileReference; lastKnownFileType = file.xib; path = DetailsViewController.xib; sourceTree = "<group>"; };
		D777FE5620C8F5E9009DB78E /* PageLIst.swift */ = {isa = PBXFileReference; lastKnownFileType = sourcecode.swift; path = PageLIst.swift; sourceTree = "<group>"; };
		D779D0CD20C6E7900037CE81 /* LoginViewModel.swift */ = {isa = PBXFileReference; lastKnownFileType = sourcecode.swift; path = LoginViewModel.swift; sourceTree = "<group>"; };
		D779D0CF20C72A880037CE81 /* RealmMigrator.swift */ = {isa = PBXFileReference; lastKnownFileType = sourcecode.swift; path = RealmMigrator.swift; sourceTree = "<group>"; };
		D779D0D220C72C580037CE81 /* Repository.swift */ = {isa = PBXFileReference; lastKnownFileType = sourcecode.swift; path = Repository.swift; sourceTree = "<group>"; };
		D779D0D720C730210037CE81 /* SearchViewController.swift */ = {isa = PBXFileReference; lastKnownFileType = sourcecode.swift; path = SearchViewController.swift; sourceTree = "<group>"; };
		D779D0D820C730210037CE81 /* SearchViewController.xib */ = {isa = PBXFileReference; lastKnownFileType = file.xib; path = SearchViewController.xib; sourceTree = "<group>"; };
		D779D0DB20C730350037CE81 /* SearchViewModel.swift */ = {isa = PBXFileReference; lastKnownFileType = sourcecode.swift; path = SearchViewModel.swift; sourceTree = "<group>"; };
		D779D0DD20C731030037CE81 /* NavigationRouter.swift */ = {isa = PBXFileReference; lastKnownFileType = sourcecode.swift; path = NavigationRouter.swift; sourceTree = "<group>"; };
		D779D0E420C737640037CE81 /* UITableViewCell+Extension.swift */ = {isa = PBXFileReference; lastKnownFileType = sourcecode.swift; path = "UITableViewCell+Extension.swift"; sourceTree = "<group>"; };
		D779D0E620C737C90037CE81 /* UITableView+Extension.swift */ = {isa = PBXFileReference; lastKnownFileType = sourcecode.swift; path = "UITableView+Extension.swift"; sourceTree = "<group>"; };
		D779D0E920C7385E0037CE81 /* SearchTableViewCell.swift */ = {isa = PBXFileReference; lastKnownFileType = sourcecode.swift; path = SearchTableViewCell.swift; sourceTree = "<group>"; };
		D779D0EA20C7385E0037CE81 /* SearchTableViewCell.xib */ = {isa = PBXFileReference; lastKnownFileType = file.xib; path = SearchTableViewCell.xib; sourceTree = "<group>"; };
		D779D0ED20C73DC40037CE81 /* Response+Extension.swift */ = {isa = PBXFileReference; lastKnownFileType = sourcecode.swift; path = "Response+Extension.swift"; sourceTree = "<group>"; };
		E231858242C297A490B39B55 /* Pods-github-api.debug.xcconfig */ = {isa = PBXFileReference; includeInIndex = 1; lastKnownFileType = text.xcconfig; name = "Pods-github-api.debug.xcconfig"; path = "Pods/Target Support Files/Pods-github-api/Pods-github-api.debug.xcconfig"; sourceTree = "<group>"; };
/* End PBXFileReference section */

/* Begin PBXFrameworksBuildPhase section */
		D767FD2F20C6836900AA6084 /* Frameworks */ = {
			isa = PBXFrameworksBuildPhase;
			buildActionMask = 2147483647;
			files = (
				CF8C5678FD29A22B9EB86C9C /* Pods_github_api.framework in Frameworks */,
			);
			runOnlyForDeploymentPostprocessing = 0;
		};
/* End PBXFrameworksBuildPhase section */

/* Begin PBXGroup section */
		230054111D5E7552621F6A02 /* Pods */ = {
			isa = PBXGroup;
			children = (
				E231858242C297A490B39B55 /* Pods-github-api.debug.xcconfig */,
				8B949413886D6E505DF28A89 /* Pods-github-api.release.xcconfig */,
			);
			name = Pods;
			sourceTree = "<group>";
		};
		6C701F96F6615BED78B2C90D /* Frameworks */ = {
			isa = PBXGroup;
			children = (
				7C7CD9EBE738B4F09B11C16F /* Pods_github_api.framework */,
			);
			name = Frameworks;
			sourceTree = "<group>";
		};
		D74376EA20C9614000955954 /* Custom Classes */ = {
			isa = PBXGroup;
			children = (
				D767FD5520C6893800AA6084 /* CustomWebView.swift */,
			);
			path = "Custom Classes";
			sourceTree = "<group>";
		};
		D767FD2920C6836900AA6084 = {
			isa = PBXGroup;
			children = (
				D767FD3420C6836900AA6084 /* github-api */,
				D767FD3320C6836900AA6084 /* Products */,
				230054111D5E7552621F6A02 /* Pods */,
				6C701F96F6615BED78B2C90D /* Frameworks */,
			);
			sourceTree = "<group>";
		};
		D767FD3320C6836900AA6084 /* Products */ = {
			isa = PBXGroup;
			children = (
				D767FD3220C6836900AA6084 /* github-api.app */,
			);
			name = Products;
			sourceTree = "<group>";
		};
		D767FD3420C6836900AA6084 /* github-api */ = {
			isa = PBXGroup;
			children = (
				D74376EA20C9614000955954 /* Custom Classes */,
				D779D0E820C7383C0037CE81 /* Cells */,
				D779D0D120C72AD30037CE81 /* Model */,
				D767FD6120C68FD600AA6084 /* Extensions */,
				D767FD4720C684AB00AA6084 /* Screens */,
				D767FD5720C6897600AA6084 /* Helpers */,
				D767FD5A20C68B8F00AA6084 /* API */,
				D767FD3520C6836900AA6084 /* AppDelegate.swift */,
				D767FD3920C6836900AA6084 /* Main.storyboard */,
				D767FD3C20C6837000AA6084 /* Assets.xcassets */,
				D767FD3E20C6837000AA6084 /* LaunchScreen.storyboard */,
				D767FD4120C6837000AA6084 /* Info.plist */,
			);
			path = "github-api";
			sourceTree = "<group>";
		};
		D767FD4720C684AB00AA6084 /* Screens */ = {
			isa = PBXGroup;
			children = (
				D767FD4820C684B600AA6084 /* Login */,
				D779D0D620C72FF60037CE81 /* Search */,
				D777FE5520C80BEC009DB78E /* Details */,
			);
			path = Screens;
			sourceTree = "<group>";
		};
		D767FD4820C684B600AA6084 /* Login */ = {
			isa = PBXGroup;
			children = (
				D767FD5220C6888B00AA6084 /* LoginViewController.swift */,
				D767FD5120C6888A00AA6084 /* LoginViewController.xib */,
				D779D0CD20C6E7900037CE81 /* LoginViewModel.swift */,
			);
			path = Login;
			sourceTree = "<group>";
		};
		D767FD5720C6897600AA6084 /* Helpers */ = {
			isa = PBXGroup;
			children = (
				D767FD5820C6899400AA6084 /* Constants.swift */,
				D779D0CF20C72A880037CE81 /* RealmMigrator.swift */,
				D779D0DD20C731030037CE81 /* NavigationRouter.swift */,
			);
			path = Helpers;
			sourceTree = "<group>";
		};
		D767FD5A20C68B8F00AA6084 /* API */ = {
			isa = PBXGroup;
			children = (
				D767FD5B20C68BBC00AA6084 /* KeychainService.swift */,
				D767FD5D20C68BCC00AA6084 /* APIProvider.swift */,
				D767FD5F20C68BDF00AA6084 /* GithubAPI.swift */,
			);
			path = API;
			sourceTree = "<group>";
		};
		D767FD6120C68FD600AA6084 /* Extensions */ = {
			isa = PBXGroup;
			children = (
				D767FD6220C68FFD00AA6084 /* UIViewController+Extension.swift */,
				D779D0E420C737640037CE81 /* UITableViewCell+Extension.swift */,
				D779D0E620C737C90037CE81 /* UITableView+Extension.swift */,
				D779D0ED20C73DC40037CE81 /* Response+Extension.swift */,
			);
			path = Extensions;
			sourceTree = "<group>";
		};
		D777FE5520C80BEC009DB78E /* Details */ = {
			isa = PBXGroup;
			children = (
				D777FE5120C80BE5009DB78E /* DetailsViewController.swift */,
				D777FE5220C80BE5009DB78E /* DetailsViewController.xib */,
			);
			path = Details;
			sourceTree = "<group>";
		};
		D779D0D120C72AD30037CE81 /* Model */ = {
			isa = PBXGroup;
			children = (
				D779D0D220C72C580037CE81 /* Repository.swift */,
				D777FE5620C8F5E9009DB78E /* PageLIst.swift */,
			);
			path = Model;
			sourceTree = "<group>";
		};
		D779D0D620C72FF60037CE81 /* Search */ = {
			isa = PBXGroup;
			children = (
				D779D0D720C730210037CE81 /* SearchViewController.swift */,
				D779D0D820C730210037CE81 /* SearchViewController.xib */,
				D779D0DB20C730350037CE81 /* SearchViewModel.swift */,
			);
			path = Search;
			sourceTree = "<group>";
		};
		D779D0E820C7383C0037CE81 /* Cells */ = {
			isa = PBXGroup;
			children = (
				D779D0E920C7385E0037CE81 /* SearchTableViewCell.swift */,
				D779D0EA20C7385E0037CE81 /* SearchTableViewCell.xib */,
			);
			path = Cells;
			sourceTree = "<group>";
		};
/* End PBXGroup section */

/* Begin PBXNativeTarget section */
		D767FD3120C6836900AA6084 /* github-api */ = {
			isa = PBXNativeTarget;
			buildConfigurationList = D767FD4420C6837000AA6084 /* Build configuration list for PBXNativeTarget "github-api" */;
			buildPhases = (
				8731A62223398EA05FE7F618 /* [CP] Check Pods Manifest.lock */,
				D767FD2E20C6836900AA6084 /* Sources */,
				D767FD2F20C6836900AA6084 /* Frameworks */,
				D767FD3020C6836900AA6084 /* Resources */,
				DDF25EE180963AD86DB12738 /* [CP] Embed Pods Frameworks */,
			);
			buildRules = (
			);
			dependencies = (
			);
			name = "github-api";
			productName = "github-api";
			productReference = D767FD3220C6836900AA6084 /* github-api.app */;
			productType = "com.apple.product-type.application";
		};
/* End PBXNativeTarget section */

/* Begin PBXProject section */
		D767FD2A20C6836900AA6084 /* Project object */ = {
			isa = PBXProject;
			attributes = {
				LastSwiftUpdateCheck = 0940;
				LastUpgradeCheck = 0940;
				ORGANIZATIONNAME = "Maxym Krutykh";
				TargetAttributes = {
					D767FD3120C6836900AA6084 = {
						CreatedOnToolsVersion = 9.4;
					};
				};
			};
			buildConfigurationList = D767FD2D20C6836900AA6084 /* Build configuration list for PBXProject "github-api" */;
			compatibilityVersion = "Xcode 9.3";
			developmentRegion = en;
			hasScannedForEncodings = 0;
			knownRegions = (
				en,
				Base,
			);
			mainGroup = D767FD2920C6836900AA6084;
			productRefGroup = D767FD3320C6836900AA6084 /* Products */;
			projectDirPath = "";
			projectRoot = "";
			targets = (
				D767FD3120C6836900AA6084 /* github-api */,
			);
		};
/* End PBXProject section */

/* Begin PBXResourcesBuildPhase section */
		D767FD3020C6836900AA6084 /* Resources */ = {
			isa = PBXResourcesBuildPhase;
			buildActionMask = 2147483647;
			files = (
				D777FE5420C80BE5009DB78E /* DetailsViewController.xib in Resources */,
				D767FD5320C6888B00AA6084 /* LoginViewController.xib in Resources */,
				D767FD4020C6837000AA6084 /* LaunchScreen.storyboard in Resources */,
				D767FD3D20C6837000AA6084 /* Assets.xcassets in Resources */,
				D779D0DA20C730210037CE81 /* SearchViewController.xib in Resources */,
				D767FD3B20C6836900AA6084 /* Main.storyboard in Resources */,
				D779D0EC20C7385E0037CE81 /* SearchTableViewCell.xib in Resources */,
			);
			runOnlyForDeploymentPostprocessing = 0;
		};
/* End PBXResourcesBuildPhase section */

/* Begin PBXShellScriptBuildPhase section */
		8731A62223398EA05FE7F618 /* [CP] Check Pods Manifest.lock */ = {
			isa = PBXShellScriptBuildPhase;
			buildActionMask = 2147483647;
			files = (
			);
			inputPaths = (
				"${PODS_PODFILE_DIR_PATH}/Podfile.lock",
				"${PODS_ROOT}/Manifest.lock",
			);
			name = "[CP] Check Pods Manifest.lock";
			outputPaths = (
				"$(DERIVED_FILE_DIR)/Pods-github-api-checkManifestLockResult.txt",
			);
			runOnlyForDeploymentPostprocessing = 0;
			shellPath = /bin/sh;
			shellScript = "diff \"${PODS_PODFILE_DIR_PATH}/Podfile.lock\" \"${PODS_ROOT}/Manifest.lock\" > /dev/null\nif [ $? != 0 ] ; then\n    # print error to STDERR\n    echo \"error: The sandbox is not in sync with the Podfile.lock. Run 'pod install' or update your CocoaPods installation.\" >&2\n    exit 1\nfi\n# This output is used by Xcode 'outputs' to avoid re-running this script phase.\necho \"SUCCESS\" > \"${SCRIPT_OUTPUT_FILE_0}\"\n";
			showEnvVarsInLog = 0;
		};
		DDF25EE180963AD86DB12738 /* [CP] Embed Pods Frameworks */ = {
			isa = PBXShellScriptBuildPhase;
			buildActionMask = 2147483647;
			files = (
			);
			inputPaths = (
				"${SRCROOT}/Pods/Target Support Files/Pods-github-api/Pods-github-api-frameworks.sh",
				"${BUILT_PRODUCTS_DIR}/Alamofire/Alamofire.framework",
				"${BUILT_PRODUCTS_DIR}/Differentiator/Differentiator.framework",
				"${BUILT_PRODUCTS_DIR}/KeychainAccess/KeychainAccess.framework",
				"${BUILT_PRODUCTS_DIR}/Moya/Moya.framework",
				"${BUILT_PRODUCTS_DIR}/Moya-ObjectMapper/Moya_ObjectMapper.framework",
				"${BUILT_PRODUCTS_DIR}/ObjectMapper/ObjectMapper.framework",
				"${BUILT_PRODUCTS_DIR}/ObjectMapper+Realm/ObjectMapper_Realm.framework",
				"${BUILT_PRODUCTS_DIR}/ObjectMapperAdditions/ObjectMapperAdditions.framework",
				"${BUILT_PRODUCTS_DIR}/Realm/Realm.framework",
				"${BUILT_PRODUCTS_DIR}/RealmSwift/RealmSwift.framework",
				"${BUILT_PRODUCTS_DIR}/Result/Result.framework",
				"${BUILT_PRODUCTS_DIR}/RxCocoa/RxCocoa.framework",
				"${BUILT_PRODUCTS_DIR}/RxDataSources/RxDataSources.framework",
				"${BUILT_PRODUCTS_DIR}/RxRealm/RxRealm.framework",
				"${BUILT_PRODUCTS_DIR}/RxSwift/RxSwift.framework",
				"${BUILT_PRODUCTS_DIR}/RxSwiftExt/RxSwiftExt.framework",
				"${BUILT_PRODUCTS_DIR}/SDWebImage/SDWebImage.framework",
				"${BUILT_PRODUCTS_DIR}/SwiftDate/SwiftDate.framework",
			);
			name = "[CP] Embed Pods Frameworks";
			outputPaths = (
				"${TARGET_BUILD_DIR}/${FRAMEWORKS_FOLDER_PATH}/Alamofire.framework",
				"${TARGET_BUILD_DIR}/${FRAMEWORKS_FOLDER_PATH}/Differentiator.framework",
				"${TARGET_BUILD_DIR}/${FRAMEWORKS_FOLDER_PATH}/KeychainAccess.framework",
				"${TARGET_BUILD_DIR}/${FRAMEWORKS_FOLDER_PATH}/Moya.framework",
				"${TARGET_BUILD_DIR}/${FRAMEWORKS_FOLDER_PATH}/Moya_ObjectMapper.framework",
				"${TARGET_BUILD_DIR}/${FRAMEWORKS_FOLDER_PATH}/ObjectMapper.framework",
				"${TARGET_BUILD_DIR}/${FRAMEWORKS_FOLDER_PATH}/ObjectMapper_Realm.framework",
				"${TARGET_BUILD_DIR}/${FRAMEWORKS_FOLDER_PATH}/ObjectMapperAdditions.framework",
				"${TARGET_BUILD_DIR}/${FRAMEWORKS_FOLDER_PATH}/Realm.framework",
				"${TARGET_BUILD_DIR}/${FRAMEWORKS_FOLDER_PATH}/RealmSwift.framework",
				"${TARGET_BUILD_DIR}/${FRAMEWORKS_FOLDER_PATH}/Result.framework",
				"${TARGET_BUILD_DIR}/${FRAMEWORKS_FOLDER_PATH}/RxCocoa.framework",
				"${TARGET_BUILD_DIR}/${FRAMEWORKS_FOLDER_PATH}/RxDataSources.framework",
				"${TARGET_BUILD_DIR}/${FRAMEWORKS_FOLDER_PATH}/RxRealm.framework",
				"${TARGET_BUILD_DIR}/${FRAMEWORKS_FOLDER_PATH}/RxSwift.framework",
				"${TARGET_BUILD_DIR}/${FRAMEWORKS_FOLDER_PATH}/RxSwiftExt.framework",
				"${TARGET_BUILD_DIR}/${FRAMEWORKS_FOLDER_PATH}/SDWebImage.framework",
				"${TARGET_BUILD_DIR}/${FRAMEWORKS_FOLDER_PATH}/SwiftDate.framework",
			);
			runOnlyForDeploymentPostprocessing = 0;
			shellPath = /bin/sh;
			shellScript = "\"${SRCROOT}/Pods/Target Support Files/Pods-github-api/Pods-github-api-frameworks.sh\"\n";
			showEnvVarsInLog = 0;
		};
/* End PBXShellScriptBuildPhase section */

/* Begin PBXSourcesBuildPhase section */
		D767FD2E20C6836900AA6084 /* Sources */ = {
			isa = PBXSourcesBuildPhase;
			buildActionMask = 2147483647;
			files = (
				D767FD6320C68FFD00AA6084 /* UIViewController+Extension.swift in Sources */,
				D767FD5420C6888B00AA6084 /* LoginViewController.swift in Sources */,
				D767FD5620C6893800AA6084 /* CustomWebView.swift in Sources */,
				D767FD3620C6836900AA6084 /* AppDelegate.swift in Sources */,
				D767FD5C20C68BBC00AA6084 /* KeychainService.swift in Sources */,
				D779D0E520C737640037CE81 /* UITableViewCell+Extension.swift in Sources */,
				D779D0DC20C730350037CE81 /* SearchViewModel.swift in Sources */,
				D779D0D320C72C580037CE81 /* Repository.swift in Sources */,
				D779D0D920C730210037CE81 /* SearchViewController.swift in Sources */,
				D779D0EB20C7385E0037CE81 /* SearchTableViewCell.swift in Sources */,
				D779D0DE20C731030037CE81 /* NavigationRouter.swift in Sources */,
				D779D0E720C737C90037CE81 /* UITableView+Extension.swift in Sources */,
				D767FD5920C6899400AA6084 /* Constants.swift in Sources */,
				D777FE5320C80BE5009DB78E /* DetailsViewController.swift in Sources */,
				D779D0EE20C73DC40037CE81 /* Response+Extension.swift in Sources */,
				D767FD6020C68BDF00AA6084 /* GithubAPI.swift in Sources */,
				D767FD5E20C68BCC00AA6084 /* APIProvider.swift in Sources */,
				D779D0D020C72A880037CE81 /* RealmMigrator.swift in Sources */,
				D777FE5720C8F5E9009DB78E /* PageLIst.swift in Sources */,
				D779D0CE20C6E7900037CE81 /* LoginViewModel.swift in Sources */,
			);
			runOnlyForDeploymentPostprocessing = 0;
		};
/* End PBXSourcesBuildPhase section */

/* Begin PBXVariantGroup section */
		D767FD3920C6836900AA6084 /* Main.storyboard */ = {
			isa = PBXVariantGroup;
			children = (
				D767FD3A20C6836900AA6084 /* Base */,
			);
			name = Main.storyboard;
			sourceTree = "<group>";
		};
		D767FD3E20C6837000AA6084 /* LaunchScreen.storyboard */ = {
			isa = PBXVariantGroup;
			children = (
				D767FD3F20C6837000AA6084 /* Base */,
			);
			name = LaunchScreen.storyboard;
			sourceTree = "<group>";
		};
/* End PBXVariantGroup section */

/* Begin XCBuildConfiguration section */
		D767FD4220C6837000AA6084 /* Debug */ = {
			isa = XCBuildConfiguration;
			buildSettings = {
				ALWAYS_SEARCH_USER_PATHS = NO;
				CLANG_ANALYZER_NONNULL = YES;
				CLANG_ANALYZER_NUMBER_OBJECT_CONVERSION = YES_AGGRESSIVE;
				CLANG_CXX_LANGUAGE_STANDARD = "gnu++14";
				CLANG_CXX_LIBRARY = "libc++";
				CLANG_ENABLE_MODULES = YES;
				CLANG_ENABLE_OBJC_ARC = YES;
				CLANG_ENABLE_OBJC_WEAK = YES;
				CLANG_WARN_BLOCK_CAPTURE_AUTORELEASING = YES;
				CLANG_WARN_BOOL_CONVERSION = YES;
				CLANG_WARN_COMMA = YES;
				CLANG_WARN_CONSTANT_CONVERSION = YES;
				CLANG_WARN_DEPRECATED_OBJC_IMPLEMENTATIONS = YES;
				CLANG_WARN_DIRECT_OBJC_ISA_USAGE = YES_ERROR;
				CLANG_WARN_DOCUMENTATION_COMMENTS = YES;
				CLANG_WARN_EMPTY_BODY = YES;
				CLANG_WARN_ENUM_CONVERSION = YES;
				CLANG_WARN_INFINITE_RECURSION = YES;
				CLANG_WARN_INT_CONVERSION = YES;
				CLANG_WARN_NON_LITERAL_NULL_CONVERSION = YES;
				CLANG_WARN_OBJC_IMPLICIT_RETAIN_SELF = YES;
				CLANG_WARN_OBJC_LITERAL_CONVERSION = YES;
				CLANG_WARN_OBJC_ROOT_CLASS = YES_ERROR;
				CLANG_WARN_RANGE_LOOP_ANALYSIS = YES;
				CLANG_WARN_STRICT_PROTOTYPES = YES;
				CLANG_WARN_SUSPICIOUS_MOVE = YES;
				CLANG_WARN_UNGUARDED_AVAILABILITY = YES_AGGRESSIVE;
				CLANG_WARN_UNREACHABLE_CODE = YES;
				CLANG_WARN__DUPLICATE_METHOD_MATCH = YES;
				CODE_SIGN_IDENTITY = "iPhone Developer";
				COPY_PHASE_STRIP = NO;
				DEBUG_INFORMATION_FORMAT = dwarf;
				ENABLE_STRICT_OBJC_MSGSEND = YES;
				ENABLE_TESTABILITY = YES;
				GCC_C_LANGUAGE_STANDARD = gnu11;
				GCC_DYNAMIC_NO_PIC = NO;
				GCC_NO_COMMON_BLOCKS = YES;
				GCC_OPTIMIZATION_LEVEL = 0;
				GCC_PREPROCESSOR_DEFINITIONS = (
					"DEBUG=1",
					"$(inherited)",
				);
				GCC_WARN_64_TO_32_BIT_CONVERSION = YES;
				GCC_WARN_ABOUT_RETURN_TYPE = YES_ERROR;
				GCC_WARN_UNDECLARED_SELECTOR = YES;
				GCC_WARN_UNINITIALIZED_AUTOS = YES_AGGRESSIVE;
				GCC_WARN_UNUSED_FUNCTION = YES;
				GCC_WARN_UNUSED_VARIABLE = YES;
				IPHONEOS_DEPLOYMENT_TARGET = 11.4;
				MTL_ENABLE_DEBUG_INFO = YES;
				ONLY_ACTIVE_ARCH = YES;
				SDKROOT = iphoneos;
				SWIFT_ACTIVE_COMPILATION_CONDITIONS = DEBUG;
				SWIFT_OPTIMIZATION_LEVEL = "-Onone";
			};
			name = Debug;
		};
		D767FD4320C6837000AA6084 /* Release */ = {
			isa = XCBuildConfiguration;
			buildSettings = {
				ALWAYS_SEARCH_USER_PATHS = NO;
				CLANG_ANALYZER_NONNULL = YES;
				CLANG_ANALYZER_NUMBER_OBJECT_CONVERSION = YES_AGGRESSIVE;
				CLANG_CXX_LANGUAGE_STANDARD = "gnu++14";
				CLANG_CXX_LIBRARY = "libc++";
				CLANG_ENABLE_MODULES = YES;
				CLANG_ENABLE_OBJC_ARC = YES;
				CLANG_ENABLE_OBJC_WEAK = YES;
				CLANG_WARN_BLOCK_CAPTURE_AUTORELEASING = YES;
				CLANG_WARN_BOOL_CONVERSION = YES;
				CLANG_WARN_COMMA = YES;
				CLANG_WARN_CONSTANT_CONVERSION = YES;
				CLANG_WARN_DEPRECATED_OBJC_IMPLEMENTATIONS = YES;
				CLANG_WARN_DIRECT_OBJC_ISA_USAGE = YES_ERROR;
				CLANG_WARN_DOCUMENTATION_COMMENTS = YES;
				CLANG_WARN_EMPTY_BODY = YES;
				CLANG_WARN_ENUM_CONVERSION = YES;
				CLANG_WARN_INFINITE_RECURSION = YES;
				CLANG_WARN_INT_CONVERSION = YES;
				CLANG_WARN_NON_LITERAL_NULL_CONVERSION = YES;
				CLANG_WARN_OBJC_IMPLICIT_RETAIN_SELF = YES;
				CLANG_WARN_OBJC_LITERAL_CONVERSION = YES;
				CLANG_WARN_OBJC_ROOT_CLASS = YES_ERROR;
				CLANG_WARN_RANGE_LOOP_ANALYSIS = YES;
				CLANG_WARN_STRICT_PROTOTYPES = YES;
				CLANG_WARN_SUSPICIOUS_MOVE = YES;
				CLANG_WARN_UNGUARDED_AVAILABILITY = YES_AGGRESSIVE;
				CLANG_WARN_UNREACHABLE_CODE = YES;
				CLANG_WARN__DUPLICATE_METHOD_MATCH = YES;
				CODE_SIGN_IDENTITY = "iPhone Developer";
				COPY_PHASE_STRIP = NO;
				DEBUG_INFORMATION_FORMAT = "dwarf-with-dsym";
				ENABLE_NS_ASSERTIONS = NO;
				ENABLE_STRICT_OBJC_MSGSEND = YES;
				GCC_C_LANGUAGE_STANDARD = gnu11;
				GCC_NO_COMMON_BLOCKS = YES;
				GCC_WARN_64_TO_32_BIT_CONVERSION = YES;
				GCC_WARN_ABOUT_RETURN_TYPE = YES_ERROR;
				GCC_WARN_UNDECLARED_SELECTOR = YES;
				GCC_WARN_UNINITIALIZED_AUTOS = YES_AGGRESSIVE;
				GCC_WARN_UNUSED_FUNCTION = YES;
				GCC_WARN_UNUSED_VARIABLE = YES;
				IPHONEOS_DEPLOYMENT_TARGET = 11.4;
				MTL_ENABLE_DEBUG_INFO = NO;
				SDKROOT = iphoneos;
				SWIFT_COMPILATION_MODE = wholemodule;
				SWIFT_OPTIMIZATION_LEVEL = "-O";
				VALIDATE_PRODUCT = YES;
			};
			name = Release;
		};
		D767FD4520C6837000AA6084 /* Debug */ = {
			isa = XCBuildConfiguration;
			baseConfigurationReference = E231858242C297A490B39B55 /* Pods-github-api.debug.xcconfig */;
			buildSettings = {
				ASSETCATALOG_COMPILER_APPICON_NAME = AppIcon;
				CODE_SIGN_STYLE = Automatic;
				INFOPLIST_FILE = "github-api/Info.plist";
				LD_RUNPATH_SEARCH_PATHS = (
					"$(inherited)",
					"@executable_path/Frameworks",
				);
				PRODUCT_BUNDLE_IDENTIFIER = "com.test.github.github-api";
				PRODUCT_NAME = "$(TARGET_NAME)";
				SWIFT_VERSION = 4.0;
				TARGETED_DEVICE_FAMILY = "1,2";
			};
			name = Debug;
		};
		D767FD4620C6837000AA6084 /* Release */ = {
			isa = XCBuildConfiguration;
			baseConfigurationReference = 8B949413886D6E505DF28A89 /* Pods-github-api.release.xcconfig */;
			buildSettings = {
				ASSETCATALOG_COMPILER_APPICON_NAME = AppIcon;
				CODE_SIGN_STYLE = Automatic;
				INFOPLIST_FILE = "github-api/Info.plist";
				LD_RUNPATH_SEARCH_PATHS = (
					"$(inherited)",
					"@executable_path/Frameworks",
				);
				PRODUCT_BUNDLE_IDENTIFIER = "com.test.github.github-api";
				PRODUCT_NAME = "$(TARGET_NAME)";
				SWIFT_VERSION = 4.0;
				TARGETED_DEVICE_FAMILY = "1,2";
			};
			name = Release;
		};
/* End XCBuildConfiguration section */

/* Begin XCConfigurationList section */
		D767FD2D20C6836900AA6084 /* Build configuration list for PBXProject "github-api" */ = {
			isa = XCConfigurationList;
			buildConfigurations = (
				D767FD4220C6837000AA6084 /* Debug */,
				D767FD4320C6837000AA6084 /* Release */,
			);
			defaultConfigurationIsVisible = 0;
			defaultConfigurationName = Release;
		};
		D767FD4420C6837000AA6084 /* Build configuration list for PBXNativeTarget "github-api" */ = {
			isa = XCConfigurationList;
			buildConfigurations = (
				D767FD4520C6837000AA6084 /* Debug */,
				D767FD4620C6837000AA6084 /* Release */,
			);
			defaultConfigurationIsVisible = 0;
			defaultConfigurationName = Release;
		};
/* End XCConfigurationList section */
	};
	rootObject = D767FD2A20C6836900AA6084 /* Project object */;
}
